# THIS IS AN AUTOGENERATED FILE. DO NOT EDIT THIS FILE DIRECTLY.
# yarn lockfile v1


jweixin-module@^1.6.0:
  version "1.6.0"
  resolved "https://registry.npmmirror.com/jweixin-module/-/jweixin-module-1.6.0.tgz#4a7ea614083e3c9c3f49e2fdc2bb882cfa58dfcd"
  integrity sha512-dGk9cf+ipipHmtzYmKZs5B2toX+p4hLyllGLF6xuC8t+B05oYxd8fYoaRz0T30U2n3RUv8a4iwvjhA+OcYz52w==

uview-ui@^2.0.20:
  version "2.0.34"
  resolved "https://registry.npmmirror.com/uview-ui/-/uview-ui-2.0.34.tgz#537ab54f115ec176846a7f426089d22d7cd75477"
  integrity sha512-usJHnPCtk45yLTWTXTpLX9Vuqhzjth/+4t/m+S3J5bZuahv49mVQ126rtSnuAWWVkOUtKCX4CU83gFHZj8nP5g==

vue-jsonp@^2.0.0:
  version "2.0.0"
  resolved "https://registry.npmmirror.com/vue-jsonp/-/vue-jsonp-2.0.0.tgz#3bfac56bb72941a2511c11e1a123b876f03427f7"
  integrity sha512-Mzd9GNeuKP5hHFDWZNMWOsCuMILSkA6jo2l4A02wheFz3qqBzH7aSEFTey1BRCZCLizlaf1EqJ5YUtF392KspA==

weixin-js-sdk@^1.6.0:
  version "1.6.0"
  resolved "https://registry.npmmirror.com/weixin-js-sdk/-/weixin-js-sdk-1.6.0.tgz#ff50484d8118ce1208f11248cf4a1c0831577514"
  integrity sha512-3IYQH7aalJGFJrwdT3epvTdR1MboMiH7vIZ5BRL2eYOJ12BNah7csoMkmSZzkq1+l92sSq29XdTCVjCJoK2sBQ==

weixin-jsapi@^1.1.0:
  version "1.1.0"
  resolved "https://registry.npmmirror.com/weixin-jsapi/-/weixin-jsapi-1.1.0.tgz#51a95a2224c59d1d8f02fddbc6de52da16b344b3"
  integrity sha512-986drpgKs1yf8gK1A/hrdF2U5cjp/zW/7bhoL37JLoePhNiO14JqZpa+wlNslge0Hlw7gEXMTnEntFvvSXz8Bw==
